// !$*UTF8*$!
{
	archiveVersion = 1;
	classes = {
	};
	objectVersion = 48;
	objects = {

/* Begin PBXBuildFile section */
		61A7CC09202BBC8A00ACA67C /* AppDelegate.swift in Sources */ = {isa = PBXBuildFile; fileRef = 61A7CC08202BBC8A00ACA67C /* AppDelegate.swift */; };
		61A7CC0B202BBC8A00ACA67C /* LoginViewController.swift in Sources */ = {isa = PBXBuildFile; fileRef = 61A7CC0A202BBC8A00ACA67C /* LoginViewController.swift */; };
		61A7CC0E202BBC8A00ACA67C /* Main.storyboard in Resources */ = {isa = PBXBuildFile; fileRef = 61A7CC0C202BBC8A00ACA67C /* Main.storyboard */; };
		61A7CC10202BBC8A00ACA67C /* Assets.xcassets in Resources */ = {isa = PBXBuildFile; fileRef = 61A7CC0F202BBC8A00ACA67C /* Assets.xcassets */; };
		61A7CC13202BBC8A00ACA67C /* LaunchScreen.storyboard in Resources */ = {isa = PBXBuildFile; fileRef = 61A7CC11202BBC8A00ACA67C /* LaunchScreen.storyboard */; };
		61A7CC1B202BBF3300ACA67C /* PostsListTableViewController.swift in Sources */ = {isa = PBXBuildFile; fileRef = 61A7CC1A202BBF3300ACA67C /* PostsListTableViewController.swift */; };
		61A7CC21202BBF8A00ACA67C /* PostController.swift in Sources */ = {isa = PBXBuildFile; fileRef = 61A7CC20202BBF8A00ACA67C /* PostController.swift */; };
		61A7CC23202BBF9C00ACA67C /* IdentityController.swift in Sources */ = {isa = PBXBuildFile; fileRef = 61A7CC22202BBF9C00ACA67C /* IdentityController.swift */; };
		61A7CC26202BBFAF00ACA67C /* CloudKitManager.swift in Sources */ = {isa = PBXBuildFile; fileRef = 61A7CC25202BBFAF00ACA67C /* CloudKitManager.swift */; };
		61A7CC2A202BBFCD00ACA67C /* DataProvider.swift in Sources */ = {isa = PBXBuildFile; fileRef = 61A7CC29202BBFCD00ACA67C /* DataProvider.swift */; };
		61A7CC2C202BC08000ACA67C /* Post.swift in Sources */ = {isa = PBXBuildFile; fileRef = 61A7CC2B202BC08000ACA67C /* Post.swift */; };
		61A7CC52202BC7F900ACA67C /* CloudKit.framework in Frameworks */ = {isa = PBXBuildFile; fileRef = 61A7CC51202BC7F900ACA67C /* CloudKit.framework */; };
		61A7CC54202BC91B00ACA67C /* User.swift in Sources */ = {isa = PBXBuildFile; fileRef = 61A7CC53202BC91B00ACA67C /* User.swift */; };
		61F42385202CD3C600C35145 /* FirestoreManager.swift in Sources */ = {isa = PBXBuildFile; fileRef = 61F42384202CD3C600C35145 /* FirestoreManager.swift */; };
		61F42387202CD62D00C35145 /* GoogleService-Info.plist in Resources */ = {isa = PBXBuildFile; fileRef = 61F42386202CD62D00C35145 /* GoogleService-Info.plist */; };
		BB7A80C0C6E2E60503AEE34D /* Pods_CloudKitBulletin.framework in Frameworks */ = {isa = PBXBuildFile; fileRef = AC3567CE1C7C249D45A15C50 /* Pods_CloudKitBulletin.framework */; };
/* End PBXBuildFile section */

/* Begin PBXFileReference section */
		4394A67D231AA52128B49810 /* Pods-CloudKitBulletin.release.xcconfig */ = {isa = PBXFileReference; includeInIndex = 1; lastKnownFileType = text.xcconfig; name = "Pods-CloudKitBulletin.release.xcconfig"; path = "Pods/Target Support Files/Pods-CloudKitBulletin/Pods-CloudKitBulletin.release.xcconfig"; sourceTree = "<group>"; };
		5558E8977FA28DF4B7D3EDB0 /* Pods-CloudKitBulletin.debug.xcconfig */ = {isa = PBXFileReference; includeInIndex = 1; lastKnownFileType = text.xcconfig; name = "Pods-CloudKitBulletin.debug.xcconfig"; path = "Pods/Target Support Files/Pods-CloudKitBulletin/Pods-CloudKitBulletin.debug.xcconfig"; sourceTree = "<group>"; };
		61A7CC05202BBC8A00ACA67C /* CloudKitBulletin.app */ = {isa = PBXFileReference; explicitFileType = wrapper.application; includeInIndex = 0; path = CloudKitBulletin.app; sourceTree = BUILT_PRODUCTS_DIR; };
		61A7CC08202BBC8A00ACA67C /* AppDelegate.swift */ = {isa = PBXFileReference; lastKnownFileType = sourcecode.swift; path = AppDelegate.swift; sourceTree = "<group>"; };
		61A7CC0A202BBC8A00ACA67C /* LoginViewController.swift */ = {isa = PBXFileReference; lastKnownFileType = sourcecode.swift; path = LoginViewController.swift; sourceTree = "<group>"; };
		61A7CC0D202BBC8A00ACA67C /* Base */ = {isa = PBXFileReference; lastKnownFileType = file.storyboard; name = Base; path = Base.lproj/Main.storyboard; sourceTree = "<group>"; };
		61A7CC0F202BBC8A00ACA67C /* Assets.xcassets */ = {isa = PBXFileReference; lastKnownFileType = folder.assetcatalog; path = Assets.xcassets; sourceTree = "<group>"; };
		61A7CC12202BBC8A00ACA67C /* Base */ = {isa = PBXFileReference; lastKnownFileType = file.storyboard; name = Base; path = Base.lproj/LaunchScreen.storyboard; sourceTree = "<group>"; };
		61A7CC14202BBC8A00ACA67C /* Info.plist */ = {isa = PBXFileReference; lastKnownFileType = text.plist.xml; path = Info.plist; sourceTree = "<group>"; };
		61A7CC1A202BBF3300ACA67C /* PostsListTableViewController.swift */ = {isa = PBXFileReference; lastKnownFileType = sourcecode.swift; path = PostsListTableViewController.swift; sourceTree = "<group>"; };
		61A7CC20202BBF8A00ACA67C /* PostController.swift */ = {isa = PBXFileReference; lastKnownFileType = sourcecode.swift; path = PostController.swift; sourceTree = "<group>"; };
		61A7CC22202BBF9C00ACA67C /* IdentityController.swift */ = {isa = PBXFileReference; lastKnownFileType = sourcecode.swift; path = IdentityController.swift; sourceTree = "<group>"; };
		61A7CC25202BBFAF00ACA67C /* CloudKitManager.swift */ = {isa = PBXFileReference; lastKnownFileType = sourcecode.swift; path = CloudKitManager.swift; sourceTree = "<group>"; };
		61A7CC29202BBFCD00ACA67C /* DataProvider.swift */ = {isa = PBXFileReference; lastKnownFileType = sourcecode.swift; path = DataProvider.swift; sourceTree = "<group>"; };
		61A7CC2B202BC08000ACA67C /* Post.swift */ = {isa = PBXFileReference; lastKnownFileType = sourcecode.swift; path = Post.swift; sourceTree = "<group>"; };
		61A7CC4F202BC7F700ACA67C /* CloudKitBulletin.entitlements */ = {isa = PBXFileReference; lastKnownFileType = text.plist.entitlements; path = CloudKitBulletin.entitlements; sourceTree = "<group>"; };
		61A7CC51202BC7F900ACA67C /* CloudKit.framework */ = {isa = PBXFileReference; lastKnownFileType = wrapper.framework; name = CloudKit.framework; path = System/Library/Frameworks/CloudKit.framework; sourceTree = SDKROOT; };
		61A7CC53202BC91B00ACA67C /* User.swift */ = {isa = PBXFileReference; lastKnownFileType = sourcecode.swift; path = User.swift; sourceTree = "<group>"; };
		61F42384202CD3C600C35145 /* FirestoreManager.swift */ = {isa = PBXFileReference; lastKnownFileType = sourcecode.swift; path = FirestoreManager.swift; sourceTree = "<group>"; };
		61F42386202CD62D00C35145 /* GoogleService-Info.plist */ = {isa = PBXFileReference; fileEncoding = 4; lastKnownFileType = text.plist.xml; path = "GoogleService-Info.plist"; sourceTree = "<group>"; };
		AC3567CE1C7C249D45A15C50 /* Pods_CloudKitBulletin.framework */ = {isa = PBXFileReference; explicitFileType = wrapper.framework; includeInIndex = 0; path = Pods_CloudKitBulletin.framework; sourceTree = BUILT_PRODUCTS_DIR; };
/* End PBXFileReference section */

/* Begin PBXFrameworksBuildPhase section */
		61A7CC02202BBC8A00ACA67C /* Frameworks */ = {
			isa = PBXFrameworksBuildPhase;
			buildActionMask = 2147483647;
			files = (
				61A7CC52202BC7F900ACA67C /* CloudKit.framework in Frameworks */,
				BB7A80C0C6E2E60503AEE34D /* Pods_CloudKitBulletin.framework in Frameworks */,
			);
			runOnlyForDeploymentPostprocessing = 0;
		};
/* End PBXFrameworksBuildPhase section */

/* Begin PBXGroup section */
		1B9069364B6FD10F47EBF97A /* Pods */ = {
			isa = PBXGroup;
			children = (
				5558E8977FA28DF4B7D3EDB0 /* Pods-CloudKitBulletin.debug.xcconfig */,
				4394A67D231AA52128B49810 /* Pods-CloudKitBulletin.release.xcconfig */,
			);
			name = Pods;
			sourceTree = "<group>";
		};
		61A7CBFC202BBC8A00ACA67C = {
			isa = PBXGroup;
			children = (
				61A7CC4F202BC7F700ACA67C /* CloudKitBulletin.entitlements */,
				61A7CC07202BBC8A00ACA67C /* CloudKitBulletin */,
				61A7CC06202BBC8A00ACA67C /* Products */,
				61A7CC50202BC7F900ACA67C /* Frameworks */,
				1B9069364B6FD10F47EBF97A /* Pods */,
			);
			sourceTree = "<group>";
		};
		61A7CC06202BBC8A00ACA67C /* Products */ = {
			isa = PBXGroup;
			children = (
				61A7CC05202BBC8A00ACA67C /* CloudKitBulletin.app */,
			);
			name = Products;
			sourceTree = "<group>";
		};
		61A7CC07202BBC8A00ACA67C /* CloudKitBulletin */ = {
			isa = PBXGroup;
			children = (
				61F42386202CD62D00C35145 /* GoogleService-Info.plist */,
				61A7CC1F202BBF7B00ACA67C /* Model Controllers */,
				61A7CC1E202BBF5600ACA67C /* Resources */,
				61A7CC1D202BBF5100ACA67C /* Model */,
				61A7CC1C202BBF4500ACA67C /* View Controllers */,
			);
			path = CloudKitBulletin;
			sourceTree = "<group>";
		};
		61A7CC1C202BBF4500ACA67C /* View Controllers */ = {
			isa = PBXGroup;
			children = (
				61A7CC0A202BBC8A00ACA67C /* LoginViewController.swift */,
				61A7CC1A202BBF3300ACA67C /* PostsListTableViewController.swift */,
			);
			path = "View Controllers";
			sourceTree = "<group>";
		};
		61A7CC1D202BBF5100ACA67C /* Model */ = {
			isa = PBXGroup;
			children = (
				61A7CC2B202BC08000ACA67C /* Post.swift */,
				61A7CC53202BC91B00ACA67C /* User.swift */,
			);
			path = Model;
			sourceTree = "<group>";
		};
		61A7CC1E202BBF5600ACA67C /* Resources */ = {
			isa = PBXGroup;
			children = (
				61A7CC08202BBC8A00ACA67C /* AppDelegate.swift */,
				61A7CC0C202BBC8A00ACA67C /* Main.storyboard */,
				61A7CC0F202BBC8A00ACA67C /* Assets.xcassets */,
				61A7CC11202BBC8A00ACA67C /* LaunchScreen.storyboard */,
				61A7CC14202BBC8A00ACA67C /* Info.plist */,
			);
			path = Resources;
			sourceTree = "<group>";
		};
		61A7CC1F202BBF7B00ACA67C /* Model Controllers */ = {
			isa = PBXGroup;
			children = (
				61A7CC24202BBFA500ACA67C /* Backend */,
				61A7CC20202BBF8A00ACA67C /* PostController.swift */,
				61A7CC22202BBF9C00ACA67C /* IdentityController.swift */,
			);
			path = "Model Controllers";
			sourceTree = "<group>";
		};
		61A7CC24202BBFA500ACA67C /* Backend */ = {
			isa = PBXGroup;
			children = (
				61A7CC25202BBFAF00ACA67C /* CloudKitManager.swift */,
				61A7CC29202BBFCD00ACA67C /* DataProvider.swift */,
				61F42384202CD3C600C35145 /* FirestoreManager.swift */,
			);
			path = Backend;
			sourceTree = "<group>";
		};
		61A7CC50202BC7F900ACA67C /* Frameworks */ = {
			isa = PBXGroup;
			children = (
				61A7CC51202BC7F900ACA67C /* CloudKit.framework */,
				AC3567CE1C7C249D45A15C50 /* Pods_CloudKitBulletin.framework */,
			);
			name = Frameworks;
			sourceTree = "<group>";
		};
/* End PBXGroup section */

/* Begin PBXNativeTarget section */
		61A7CC04202BBC8A00ACA67C /* CloudKitBulletin */ = {
			isa = PBXNativeTarget;
			buildConfigurationList = 61A7CC17202BBC8A00ACA67C /* Build configuration list for PBXNativeTarget "CloudKitBulletin" */;
			buildPhases = (
				DF0AFBDC1CAB56DEE9AB0924 /* [CP] Check Pods Manifest.lock */,
				61A7CC01202BBC8A00ACA67C /* Sources */,
				61A7CC02202BBC8A00ACA67C /* Frameworks */,
				61A7CC03202BBC8A00ACA67C /* Resources */,
				28BD358302FF045F03DC9766 /* [CP] Embed Pods Frameworks */,
				87969C17465EF8B5FD07C3F9 /* [CP] Copy Pods Resources */,
			);
			buildRules = (
			);
			dependencies = (
			);
			name = CloudKitBulletin;
			productName = AgnosticBulletin;
			productReference = 61A7CC05202BBC8A00ACA67C /* CloudKitBulletin.app */;
			productType = "com.apple.product-type.application";
		};
/* End PBXNativeTarget section */

/* Begin PBXProject section */
		61A7CBFD202BBC8A00ACA67C /* Project object */ = {
			isa = PBXProject;
			attributes = {
				LastSwiftUpdateCheck = 0920;
				LastUpgradeCheck = 0920;
				ORGANIZATIONNAME = "Isidore Baldado";
				TargetAttributes = {
					61A7CC04202BBC8A00ACA67C = {
						CreatedOnToolsVersion = 9.2;
						ProvisioningStyle = Automatic;
						SystemCapabilities = {
							com.apple.BackgroundModes = {
								enabled = 1;
							};
							com.apple.Push = {
								enabled = 1;
							};
							com.apple.iCloud = {
								enabled = 1;
							};
						};
					};
				};
			};
			buildConfigurationList = 61A7CC00202BBC8A00ACA67C /* Build configuration list for PBXProject "CloudKitBulletin" */;
			compatibilityVersion = "Xcode 8.0";
			developmentRegion = en;
			hasScannedForEncodings = 0;
			knownRegions = (
				en,
				Base,
			);
			mainGroup = 61A7CBFC202BBC8A00ACA67C;
			productRefGroup = 61A7CC06202BBC8A00ACA67C /* Products */;
			projectDirPath = "";
			projectRoot = "";
			targets = (
				61A7CC04202BBC8A00ACA67C /* CloudKitBulletin */,
			);
		};
/* End PBXProject section */

/* Begin PBXResourcesBuildPhase section */
		61A7CC03202BBC8A00ACA67C /* Resources */ = {
			isa = PBXResourcesBuildPhase;
			buildActionMask = 2147483647;
			files = (
				61A7CC13202BBC8A00ACA67C /* LaunchScreen.storyboard in Resources */,
				61F42387202CD62D00C35145 /* GoogleService-Info.plist in Resources */,
				61A7CC10202BBC8A00ACA67C /* Assets.xcassets in Resources */,
				61A7CC0E202BBC8A00ACA67C /* Main.storyboard in Resources */,
			);
			runOnlyForDeploymentPostprocessing = 0;
		};
/* End PBXResourcesBuildPhase section */

/* Begin PBXShellScriptBuildPhase section */
		28BD358302FF045F03DC9766 /* [CP] Embed Pods Frameworks */ = {
			isa = PBXShellScriptBuildPhase;
			buildActionMask = 2147483647;
			files = (
			);
			inputPaths = (
				"${SRCROOT}/Pods/Target Support Files/Pods-CloudKitBulletin/Pods-CloudKitBulletin-frameworks.sh",
				"${BUILT_PRODUCTS_DIR}/BoringSSL/openssl.framework",
				"${BUILT_PRODUCTS_DIR}/GoogleToolboxForMac/GoogleToolboxForMac.framework",
				"${BUILT_PRODUCTS_DIR}/Protobuf/Protobuf.framework",
				"${BUILT_PRODUCTS_DIR}/gRPC/GRPCClient.framework",
				"${BUILT_PRODUCTS_DIR}/gRPC-Core/grpc.framework",
				"${BUILT_PRODUCTS_DIR}/gRPC-ProtoRPC/ProtoRPC.framework",
				"${BUILT_PRODUCTS_DIR}/gRPC-RxLibrary/RxLibrary.framework",
				"${BUILT_PRODUCTS_DIR}/leveldb-library/leveldb.framework",
				"${BUILT_PRODUCTS_DIR}/nanopb/nanopb.framework",
			);
			name = "[CP] Embed Pods Frameworks";
			outputPaths = (
				"${TARGET_BUILD_DIR}/${FRAMEWORKS_FOLDER_PATH}/openssl.framework",
				"${TARGET_BUILD_DIR}/${FRAMEWORKS_FOLDER_PATH}/GoogleToolboxForMac.framework",
				"${TARGET_BUILD_DIR}/${FRAMEWORKS_FOLDER_PATH}/Protobuf.framework",
				"${TARGET_BUILD_DIR}/${FRAMEWORKS_FOLDER_PATH}/GRPCClient.framework",
				"${TARGET_BUILD_DIR}/${FRAMEWORKS_FOLDER_PATH}/grpc.framework",
				"${TARGET_BUILD_DIR}/${FRAMEWORKS_FOLDER_PATH}/ProtoRPC.framework",
				"${TARGET_BUILD_DIR}/${FRAMEWORKS_FOLDER_PATH}/RxLibrary.framework",
				"${TARGET_BUILD_DIR}/${FRAMEWORKS_FOLDER_PATH}/leveldb.framework",
				"${TARGET_BUILD_DIR}/${FRAMEWORKS_FOLDER_PATH}/nanopb.framework",
			);
			runOnlyForDeploymentPostprocessing = 0;
			shellPath = /bin/sh;
			shellScript = "\"${SRCROOT}/Pods/Target Support Files/Pods-CloudKitBulletin/Pods-CloudKitBulletin-frameworks.sh\"\n";
			showEnvVarsInLog = 0;
		};
		87969C17465EF8B5FD07C3F9 /* [CP] Copy Pods Resources */ = {
			isa = PBXShellScriptBuildPhase;
			buildActionMask = 2147483647;
			files = (
			);
			inputPaths = (
			);
			name = "[CP] Copy Pods Resources";
			outputPaths = (
			);
			runOnlyForDeploymentPostprocessing = 0;
			shellPath = /bin/sh;
			shellScript = "\"${SRCROOT}/Pods/Target Support Files/Pods-CloudKitBulletin/Pods-CloudKitBulletin-resources.sh\"\n";
			showEnvVarsInLog = 0;
		};
		DF0AFBDC1CAB56DEE9AB0924 /* [CP] Check Pods Manifest.lock */ = {
			isa = PBXShellScriptBuildPhase;
			buildActionMask = 2147483647;
			files = (
			);
			inputPaths = (
				"${PODS_PODFILE_DIR_PATH}/Podfile.lock",
				"${PODS_ROOT}/Manifest.lock",
			);
			name = "[CP] Check Pods Manifest.lock";
			outputPaths = (
				"$(DERIVED_FILE_DIR)/Pods-CloudKitBulletin-checkManifestLockResult.txt",
			);
			runOnlyForDeploymentPostprocessing = 0;
			shellPath = /bin/sh;
			shellScript = "diff \"${PODS_PODFILE_DIR_PATH}/Podfile.lock\" \"${PODS_ROOT}/Manifest.lock\" > /dev/null\nif [ $? != 0 ] ; then\n    # print error to STDERR\n    echo \"error: The sandbox is not in sync with the Podfile.lock. Run 'pod install' or update your CocoaPods installation.\" >&2\n    exit 1\nfi\n# This output is used by Xcode 'outputs' to avoid re-running this script phase.\necho \"SUCCESS\" > \"${SCRIPT_OUTPUT_FILE_0}\"\n";
			showEnvVarsInLog = 0;
		};
/* End PBXShellScriptBuildPhase section */

/* Begin PBXSourcesBuildPhase section */
		61A7CC01202BBC8A00ACA67C /* Sources */ = {
			isa = PBXSourcesBuildPhase;
			buildActionMask = 2147483647;
			files = (
				61A7CC0B202BBC8A00ACA67C /* LoginViewController.swift in Sources */,
				61F42385202CD3C600C35145 /* FirestoreManager.swift in Sources */,
				61A7CC2A202BBFCD00ACA67C /* DataProvider.swift in Sources */,
				61A7CC21202BBF8A00ACA67C /* PostController.swift in Sources */,
				61A7CC26202BBFAF00ACA67C /* CloudKitManager.swift in Sources */,
				61A7CC23202BBF9C00ACA67C /* IdentityController.swift in Sources */,
				61A7CC54202BC91B00ACA67C /* User.swift in Sources */,
				61A7CC2C202BC08000ACA67C /* Post.swift in Sources */,
				61A7CC1B202BBF3300ACA67C /* PostsListTableViewController.swift in Sources */,
				61A7CC09202BBC8A00ACA67C /* AppDelegate.swift in Sources */,
			);
			runOnlyForDeploymentPostprocessing = 0;
		};
/* End PBXSourcesBuildPhase section */

/* Begin PBXVariantGroup section */
		61A7CC0C202BBC8A00ACA67C /* Main.storyboard */ = {
			isa = PBXVariantGroup;
			children = (
				61A7CC0D202BBC8A00ACA67C /* Base */,
			);
			name = Main.storyboard;
			sourceTree = "<group>";
		};
		61A7CC11202BBC8A00ACA67C /* LaunchScreen.storyboard */ = {
			isa = PBXVariantGroup;
			children = (
				61A7CC12202BBC8A00ACA67C /* Base */,
			);
			name = LaunchScreen.storyboard;
			sourceTree = "<group>";
		};
/* End PBXVariantGroup section */

/* Begin XCBuildConfiguration section */
		61A7CC15202BBC8A00ACA67C /* Debug */ = {
			isa = XCBuildConfiguration;
			buildSettings = {
				ALWAYS_SEARCH_USER_PATHS = NO;
				CLANG_ANALYZER_NONNULL = YES;
				CLANG_ANALYZER_NUMBER_OBJECT_CONVERSION = YES_AGGRESSIVE;
				CLANG_CXX_LANGUAGE_STANDARD = "gnu++14";
				CLANG_CXX_LIBRARY = "libc++";
				CLANG_ENABLE_MODULES = YES;
				CLANG_ENABLE_OBJC_ARC = YES;
				CLANG_WARN_BLOCK_CAPTURE_AUTORELEASING = YES;
				CLANG_WARN_BOOL_CONVERSION = YES;
				CLANG_WARN_COMMA = YES;
				CLANG_WARN_CONSTANT_CONVERSION = YES;
				CLANG_WARN_DIRECT_OBJC_ISA_USAGE = YES_ERROR;
				CLANG_WARN_DOCUMENTATION_COMMENTS = YES;
				CLANG_WARN_EMPTY_BODY = YES;
				CLANG_WARN_ENUM_CONVERSION = YES;
				CLANG_WARN_INFINITE_RECURSION = YES;
				CLANG_WARN_INT_CONVERSION = YES;
				CLANG_WARN_NON_LITERAL_NULL_CONVERSION = YES;
				CLANG_WARN_OBJC_LITERAL_CONVERSION = YES;
				CLANG_WARN_OBJC_ROOT_CLASS = YES_ERROR;
				CLANG_WARN_RANGE_LOOP_ANALYSIS = YES;
				CLANG_WARN_STRICT_PROTOTYPES = YES;
				CLANG_WARN_SUSPICIOUS_MOVE = YES;
				CLANG_WARN_UNGUARDED_AVAILABILITY = YES_AGGRESSIVE;
				CLANG_WARN_UNREACHABLE_CODE = YES;
				CLANG_WARN__DUPLICATE_METHOD_MATCH = YES;
				CODE_SIGN_IDENTITY = "iPhone Developer";
				COPY_PHASE_STRIP = NO;
				DEBUG_INFORMATION_FORMAT = dwarf;
				ENABLE_STRICT_OBJC_MSGSEND = YES;
				ENABLE_TESTABILITY = YES;
				GCC_C_LANGUAGE_STANDARD = gnu11;
				GCC_DYNAMIC_NO_PIC = NO;
				GCC_NO_COMMON_BLOCKS = YES;
				GCC_OPTIMIZATION_LEVEL = 0;
				GCC_PREPROCESSOR_DEFINITIONS = (
					"DEBUG=1",
					"$(inherited)",
				);
				GCC_WARN_64_TO_32_BIT_CONVERSION = YES;
				GCC_WARN_ABOUT_RETURN_TYPE = YES_ERROR;
				GCC_WARN_UNDECLARED_SELECTOR = YES;
				GCC_WARN_UNINITIALIZED_AUTOS = YES_AGGRESSIVE;
				GCC_WARN_UNUSED_FUNCTION = YES;
				GCC_WARN_UNUSED_VARIABLE = YES;
				IPHONEOS_DEPLOYMENT_TARGET = 11.2;
				MTL_ENABLE_DEBUG_INFO = YES;
				ONLY_ACTIVE_ARCH = YES;
				SDKROOT = iphoneos;
				SWIFT_ACTIVE_COMPILATION_CONDITIONS = DEBUG;
				SWIFT_OPTIMIZATION_LEVEL = "-Onone";
			};
			name = Debug;
		};
		61A7CC16202BBC8A00ACA67C /* Release */ = {
			isa = XCBuildConfiguration;
			buildSettings = {
				ALWAYS_SEARCH_USER_PATHS = NO;
				CLANG_ANALYZER_NONNULL = YES;
				CLANG_ANALYZER_NUMBER_OBJECT_CONVERSION = YES_AGGRESSIVE;
				CLANG_CXX_LANGUAGE_STANDARD = "gnu++14";
				CLANG_CXX_LIBRARY = "libc++";
				CLANG_ENABLE_MODULES = YES;
				CLANG_ENABLE_OBJC_ARC = YES;
				CLANG_WARN_BLOCK_CAPTURE_AUTORELEASING = YES;
				CLANG_WARN_BOOL_CONVERSION = YES;
				CLANG_WARN_COMMA = YES;
				CLANG_WARN_CONSTANT_CONVERSION = YES;
				CLANG_WARN_DIRECT_OBJC_ISA_USAGE = YES_ERROR;
				CLANG_WARN_DOCUMENTATION_COMMENTS = YES;
				CLANG_WARN_EMPTY_BODY = YES;
				CLANG_WARN_ENUM_CONVERSION = YES;
				CLANG_WARN_INFINITE_RECURSION = YES;
				CLANG_WARN_INT_CONVERSION = YES;
				CLANG_WARN_NON_LITERAL_NULL_CONVERSION = YES;
				CLANG_WARN_OBJC_LITERAL_CONVERSION = YES;
				CLANG_WARN_OBJC_ROOT_CLASS = YES_ERROR;
				CLANG_WARN_RANGE_LOOP_ANALYSIS = YES;
				CLANG_WARN_STRICT_PROTOTYPES = YES;
				CLANG_WARN_SUSPICIOUS_MOVE = YES;
				CLANG_WARN_UNGUARDED_AVAILABILITY = YES_AGGRESSIVE;
				CLANG_WARN_UNREACHABLE_CODE = YES;
				CLANG_WARN__DUPLICATE_METHOD_MATCH = YES;
				CODE_SIGN_IDENTITY = "iPhone Developer";
				COPY_PHASE_STRIP = NO;
				DEBUG_INFORMATION_FORMAT = "dwarf-with-dsym";
				ENABLE_NS_ASSERTIONS = NO;
				ENABLE_STRICT_OBJC_MSGSEND = YES;
				GCC_C_LANGUAGE_STANDARD = gnu11;
				GCC_NO_COMMON_BLOCKS = YES;
				GCC_WARN_64_TO_32_BIT_CONVERSION = YES;
				GCC_WARN_ABOUT_RETURN_TYPE = YES_ERROR;
				GCC_WARN_UNDECLARED_SELECTOR = YES;
				GCC_WARN_UNINITIALIZED_AUTOS = YES_AGGRESSIVE;
				GCC_WARN_UNUSED_FUNCTION = YES;
				GCC_WARN_UNUSED_VARIABLE = YES;
				IPHONEOS_DEPLOYMENT_TARGET = 11.2;
				MTL_ENABLE_DEBUG_INFO = NO;
				SDKROOT = iphoneos;
				SWIFT_OPTIMIZATION_LEVEL = "-Owholemodule";
				VALIDATE_PRODUCT = YES;
			};
			name = Release;
		};
		61A7CC18202BBC8A00ACA67C /* Debug */ = {
			isa = XCBuildConfiguration;
			baseConfigurationReference = 5558E8977FA28DF4B7D3EDB0 /* Pods-CloudKitBulletin.debug.xcconfig */;
			buildSettings = {
				ASSETCATALOG_COMPILER_APPICON_NAME = AppIcon;
				CODE_SIGN_ENTITLEMENTS = CloudKitBulletin.entitlements;
				CODE_SIGN_STYLE = Automatic;
				DEVELOPMENT_TEAM = P2KUM2RUDP;
				INFOPLIST_FILE = "$(SRCROOT)/CloudKitBulletin/Resources/Info.plist";
				LD_RUNPATH_SEARCH_PATHS = "$(inherited) @executable_path/Frameworks";
				PRODUCT_BUNDLE_IDENTIFIER = Isidore.UNUSED.CloudKitBulletin;
				PRODUCT_NAME = "$(TARGET_NAME)";
				SWIFT_VERSION = 4.0;
				TARGETED_DEVICE_FAMILY = "1,2";
			};
			name = Debug;
		};
		61A7CC19202BBC8A00ACA67C /* Release */ = {
			isa = XCBuildConfiguration;
			baseConfigurationReference = 4394A67D231AA52128B49810 /* Pods-CloudKitBulletin.release.xcconfig */;
			buildSettings = {
				ASSETCATALOG_COMPILER_APPICON_NAME = AppIcon;
				CODE_SIGN_ENTITLEMENTS = CloudKitBulletin.entitlements;
				CODE_SIGN_STYLE = Automatic;
				DEVELOPMENT_TEAM = P2KUM2RUDP;
				INFOPLIST_FILE = "$(SRCROOT)/CloudKitBulletin/Resources/Info.plist";
				LD_RUNPATH_SEARCH_PATHS = "$(inherited) @executable_path/Frameworks";
				PRODUCT_BUNDLE_IDENTIFIER = Isidore.UNUSED.CloudKitBulletin;
				PRODUCT_NAME = "$(TARGET_NAME)";
				SWIFT_VERSION = 4.0;
				TARGETED_DEVICE_FAMILY = "1,2";
			};
			name = Release;
		};
/* End XCBuildConfiguration section */

/* Begin XCConfigurationList section */
		61A7CC00202BBC8A00ACA67C /* Build configuration list for PBXProject "CloudKitBulletin" */ = {
			isa = XCConfigurationList;
			buildConfigurations = (
				61A7CC15202BBC8A00ACA67C /* Debug */,
				61A7CC16202BBC8A00ACA67C /* Release */,
			);
			defaultConfigurationIsVisible = 0;
			defaultConfigurationName = Release;
		};
		61A7CC17202BBC8A00ACA67C /* Build configuration list for PBXNativeTarget "CloudKitBulletin" */ = {
			isa = XCConfigurationList;
			buildConfigurations = (
				61A7CC18202BBC8A00ACA67C /* Debug */,
				61A7CC19202BBC8A00ACA67C /* Release */,
			);
			defaultConfigurationIsVisible = 0;
			defaultConfigurationName = Release;
		};
/* End XCConfigurationList section */
	};
	rootObject = 61A7CBFD202BBC8A00ACA67C /* Project object */;
}
